
Microsoft Visual Studio Solution File, Format Version 12.00
# Visual Studio 15
VisualStudioVersion = 15.0.28010.2026
MinimumVisualStudioVersion = 10.0.40219.1
Project("{FAE04EC0-301F-11D3-BF4B-00C04F79EFBC}") = "ClassLibrary1", "ClassLibrary1\ClassLibrary1.csproj", "{A1EFC797-DB5D-4F59-A0B9-2958077CCFE5}"
EndProject
Project("{FAE04EC0-301F-11D3-BF4B-00C04F79EFBC}") = "WebApplication", "WebApplication\WebApplication.csproj", "{33EA1D78-F67C-4E8C-B676-A5C1902CCBE0}"
EndProject
Global
	GlobalSection(SolutionConfigurationPlatforms) = preSolution
		Debug|Any CPU = Debug|Any CPU
		Release|Any CPU = Release|Any CPU
	EndGlobalSection
	GlobalSection(ProjectConfigurationPlatforms) = postSolution
		{A1EFC797-DB5D-4F59-A0B9-2958077CCFE5}.Debug|Any CPU.ActiveCfg = Debug|Any CPU
		{A1EFC797-DB5D-4F59-A0B9-2958077CCFE5}.Debug|Any CPU.Build.0 = Debug|Any CPU
		{A1EFC797-DB5D-4F59-A0B9-2958077CCFE5}.Release|Any CPU.ActiveCfg = Release|Any CPU
		{A1EFC797-DB5D-4F59-A0B9-2958077CCFE5}.Release|Any CPU.Build.0 = Release|Any CPU
		{33EA1D78-F67C-4E8C-B676-A5C1902CCBE0}.Debug|Any CPU.ActiveCfg = Debug|Any CPU
		{33EA1D78-F67C-4E8C-B676-A5C1902CCBE0}.Debug|Any CPU.Build.0 = Debug|Any CPU
		{33EA1D78-F67C-4E8C-B676-A5C1902CCBE0}.Release|Any CPU.ActiveCfg = Release|Any CPU
		{33EA1D78-F67C-4E8C-B676-A5C1902CCBE0}.Release|Any CPU.Build.0 = Release|Any CPU
	EndGlobalSection
	GlobalSection(SolutionProperties) = preSolution
		HideSolutionNode = FALSE
	EndGlobalSection
	GlobalSection(ExtensibilityGlobals) = postSolution
		SolutionGuid = {7BCBD621-FA80-446D-AFCD-EDD46B67F20A}
	EndGlobalSection
EndGlobal
